
Microsoft Visual Studio Solution File, Format Version 12.00
# Visual Studio Version 17
VisualStudioVersion = 17.7.34221.43
MinimumVisualStudioVersion = 10.0.40219.1
Project("{FAE04EC0-301F-11D3-BF4B-00C04F79EFBC}") = "Crochet", "Crochet\Crochet.csproj", "{4141255D-5E62-44FB-83EC-D240EED28A95}"
EndProject
Global
	GlobalSection(SolutionConfigurationPlatforms) = preSolution
		Debug|Any CPU = Debug|Any CPU
		Release|Any CPU = Release|Any CPU
	EndGlobalSection
	GlobalSection(ProjectConfigurationPlatforms) = postSolution
		{4141255D-5E62-44FB-83EC-D240EED28A95}.Debug|Any CPU.ActiveCfg = Debug|Any CPU
		{4141255D-5E62-44FB-83EC-D240EED28A95}.Debug|Any CPU.Build.0 = Debug|Any CPU
		{4141255D-5E62-44FB-83EC-D240EED28A95}.Release|Any CPU.ActiveCfg = Release|Any CPU
		{4141255D-5E62-44FB-83EC-D240EED28A95}.Release|Any CPU.Build.0 = Release|Any CPU
	EndGlobalSection
	GlobalSection(SolutionProperties) = preSolution
		HideSolutionNode = FALSE
	EndGlobalSection
	GlobalSection(ExtensibilityGlobals) = postSolution
		SolutionGuid = {2103F242-7576-4BB5-ACB0-2A857E02C039}
	EndGlobalSection
EndGlobal
